
Microsoft Visual Studio Solution File, Format Version 12.00
# Visual Studio 15
VisualStudioVersion = 15.0.26124.0
MinimumVisualStudioVersion = 15.0.26124.0
Project("{FAE04EC0-301F-11D3-BF4B-00C04F79EFBC}") = "QuickBuy.Dominio", "QuickBuy.Dominio\QuickBuy.Dominio.csproj", "{88562528-667E-4BE7-B8F9-879A15F14494}"
EndProject
Project("{FAE04EC0-301F-11D3-BF4B-00C04F79EFBC}") = "QuickBuy.Repositorio", "QuickBuy.Repositorio\QuickBuy.Repositorio.csproj", "{D4299FFB-E574-488A-BA4D-3CD0353C9439}"
EndProject
Project("{FAE04EC0-301F-11D3-BF4B-00C04F79EFBC}") = "QuickBuy.Web", "QuickBuy.Web\QuickBuy.Web.csproj", "{E49FFAD0-81CF-4D42-AA22-90662EBB70E8}"
EndProject
Global
	GlobalSection(SolutionConfigurationPlatforms) = preSolution
		Debug|Any CPU = Debug|Any CPU
		Debug|x64 = Debug|x64
		Debug|x86 = Debug|x86
		Release|Any CPU = Release|Any CPU
		Release|x64 = Release|x64
		Release|x86 = Release|x86
	EndGlobalSection
	GlobalSection(SolutionProperties) = preSolution
		HideSolutionNode = FALSE
	EndGlobalSection
	GlobalSection(ProjectConfigurationPlatforms) = postSolution
		{88562528-667E-4BE7-B8F9-879A15F14494}.Debug|Any CPU.ActiveCfg = Debug|Any CPU
		{88562528-667E-4BE7-B8F9-879A15F14494}.Debug|Any CPU.Build.0 = Debug|Any CPU
		{88562528-667E-4BE7-B8F9-879A15F14494}.Debug|x64.ActiveCfg = Debug|Any CPU
		{88562528-667E-4BE7-B8F9-879A15F14494}.Debug|x64.Build.0 = Debug|Any CPU
		{88562528-667E-4BE7-B8F9-879A15F14494}.Debug|x86.ActiveCfg = Debug|Any CPU
		{88562528-667E-4BE7-B8F9-879A15F14494}.Debug|x86.Build.0 = Debug|Any CPU
		{88562528-667E-4BE7-B8F9-879A15F14494}.Release|Any CPU.ActiveCfg = Release|Any CPU
		{88562528-667E-4BE7-B8F9-879A15F14494}.Release|Any CPU.Build.0 = Release|Any CPU
		{88562528-667E-4BE7-B8F9-879A15F14494}.Release|x64.ActiveCfg = Release|Any CPU
		{88562528-667E-4BE7-B8F9-879A15F14494}.Release|x64.Build.0 = Release|Any CPU
		{88562528-667E-4BE7-B8F9-879A15F14494}.Release|x86.ActiveCfg = Release|Any CPU
		{88562528-667E-4BE7-B8F9-879A15F14494}.Release|x86.Build.0 = Release|Any CPU
		{D4299FFB-E574-488A-BA4D-3CD0353C9439}.Debug|Any CPU.ActiveCfg = Debug|Any CPU
		{D4299FFB-E574-488A-BA4D-3CD0353C9439}.Debug|Any CPU.Build.0 = Debug|Any CPU
		{D4299FFB-E574-488A-BA4D-3CD0353C9439}.Debug|x64.ActiveCfg = Debug|Any CPU
		{D4299FFB-E574-488A-BA4D-3CD0353C9439}.Debug|x64.Build.0 = Debug|Any CPU
		{D4299FFB-E574-488A-BA4D-3CD0353C9439}.Debug|x86.ActiveCfg = Debug|Any CPU
		{D4299FFB-E574-488A-BA4D-3CD0353C9439}.Debug|x86.Build.0 = Debug|Any CPU
		{D4299FFB-E574-488A-BA4D-3CD0353C9439}.Release|Any CPU.ActiveCfg = Release|Any CPU
		{D4299FFB-E574-488A-BA4D-3CD0353C9439}.Release|Any CPU.Build.0 = Release|Any CPU
		{D4299FFB-E574-488A-BA4D-3CD0353C9439}.Release|x64.ActiveCfg = Release|Any CPU
		{D4299FFB-E574-488A-BA4D-3CD0353C9439}.Release|x64.Build.0 = Release|Any CPU
		{D4299FFB-E574-488A-BA4D-3CD0353C9439}.Release|x86.ActiveCfg = Release|Any CPU
		{D4299FFB-E574-488A-BA4D-3CD0353C9439}.Release|x86.Build.0 = Release|Any CPU
		{F3470973-9AD4-48E7-B5D3-5468C47F7363}.Debug|Any CPU.ActiveCfg = Debug|Any CPU
		{F3470973-9AD4-48E7-B5D3-5468C47F7363}.Debug|Any CPU.Build.0 = Debug|Any CPU
		{F3470973-9AD4-48E7-B5D3-5468C47F7363}.Debug|x64.ActiveCfg = Debug|Any CPU
		{F3470973-9AD4-48E7-B5D3-5468C47F7363}.Debug|x64.Build.0 = Debug|Any CPU
		{F3470973-9AD4-48E7-B5D3-5468C47F7363}.Debug|x86.ActiveCfg = Debug|Any CPU
		{F3470973-9AD4-48E7-B5D3-5468C47F7363}.Debug|x86.Build.0 = Debug|Any CPU
		{F3470973-9AD4-48E7-B5D3-5468C47F7363}.Release|Any CPU.ActiveCfg = Release|Any CPU
		{F3470973-9AD4-48E7-B5D3-5468C47F7363}.Release|Any CPU.Build.0 = Release|Any CPU
		{F3470973-9AD4-48E7-B5D3-5468C47F7363}.Release|x64.ActiveCfg = Release|Any CPU
		{F3470973-9AD4-48E7-B5D3-5468C47F7363}.Release|x64.Build.0 = Release|Any CPU
		{F3470973-9AD4-48E7-B5D3-5468C47F7363}.Release|x86.ActiveCfg = Release|Any CPU
		{F3470973-9AD4-48E7-B5D3-5468C47F7363}.Release|x86.Build.0 = Release|Any CPU
		{E49FFAD0-81CF-4D42-AA22-90662EBB70E8}.Debug|Any CPU.ActiveCfg = Debug|Any CPU
		{E49FFAD0-81CF-4D42-AA22-90662EBB70E8}.Debug|Any CPU.Build.0 = Debug|Any CPU
		{E49FFAD0-81CF-4D42-AA22-90662EBB70E8}.Debug|x64.ActiveCfg = Debug|Any CPU
		{E49FFAD0-81CF-4D42-AA22-90662EBB70E8}.Debug|x64.Build.0 = Debug|Any CPU
		{E49FFAD0-81CF-4D42-AA22-90662EBB70E8}.Debug|x86.ActiveCfg = Debug|Any CPU
		{E49FFAD0-81CF-4D42-AA22-90662EBB70E8}.Debug|x86.Build.0 = Debug|Any CPU
		{E49FFAD0-81CF-4D42-AA22-90662EBB70E8}.Release|Any CPU.ActiveCfg = Release|Any CPU
		{E49FFAD0-81CF-4D42-AA22-90662EBB70E8}.Release|Any CPU.Build.0 = Release|Any CPU
		{E49FFAD0-81CF-4D42-AA22-90662EBB70E8}.Release|x64.ActiveCfg = Release|Any CPU
		{E49FFAD0-81CF-4D42-AA22-90662EBB70E8}.Release|x64.Build.0 = Release|Any CPU
		{E49FFAD0-81CF-4D42-AA22-90662EBB70E8}.Release|x86.ActiveCfg = Release|Any CPU
		{E49FFAD0-81CF-4D42-AA22-90662EBB70E8}.Release|x86.Build.0 = Release|Any CPU
	EndGlobalSection
EndGlobal
